{
    "name": "chartrooms",
    "version": "0.0.1",
    "lockfileVersion": 1,
    "requires": true,
    "dependencies": {
        "accepts": {
            "version": "1.3.5",
            "resolved": "http://registry.npm.taobao.org/accepts/download/accepts-1.3.5.tgz",
            "integrity": "sha1-63d99gEXI6OxTopywIBcjoZ0a9I=",
            "requires": {
                "mime-types": "~2.1.18",
                "negotiator": "0.6.1"
            }
        },
        "active-x-obfuscator": {
            "version": "0.0.1",
            "resolved": "http://registry.npm.taobao.org/active-x-obfuscator/download/active-x-obfuscator-0.0.1.tgz",
            "integrity": "sha1-CJuJs3FF/x2ex0r2UwvlUmyuHxo=",
            "requires": {
                "zeparser": "0.0.5"
            }
        },
        "any-promise": {
            "version": "1.3.0",
            "resolved": "http://registry.npm.taobao.org/any-promise/download/any-promise-1.3.0.tgz",
            "integrity": "sha1-q8av7tzqUugJzcA3au0845Y10X8="
        },
        "base64-js": {
            "version": "1.3.0",
            "resolved": "http://registry.npm.taobao.org/base64-js/download/base64-js-1.3.0.tgz",
            "integrity": "sha1-yrHmEY8FEJXli1KBrqjBzSK/wOM="
        },
        "base64id": {
            "version": "0.1.0",
            "resolved": "http://registry.npm.taobao.org/base64id/download/base64id-0.1.0.tgz",
            "integrity": "sha1-As4P3u4M709ACA4ec+g08LG/zj8="
        },
        "buffer": {
            "version": "5.2.1",
            "resolved": "http://registry.npm.taobao.org/buffer/download/buffer-5.2.1.tgz",
            "integrity": "sha1-3Vf6DxCaxZxgJHkETcp7iz0LcdY=",
            "requires": {
                "base64-js": "^1.0.2",
                "ieee754": "^1.1.4"
            }
        },
        "buffer-writer": {
            "version": "2.0.0",
            "resolved": "https://registry.npmjs.org/buffer-writer/-/buffer-writer-2.0.0.tgz",
            "integrity": "sha512-a7ZpuTZU1TRtnwyCNW3I5dc0wWNC3VR9S++Ewyk2HHZdrO3CQJqSpd+95Us590V6AL7JqUAH2IwZ/398PmNFgw=="
        },
        "bytes": {
            "version": "3.0.0",
            "resolved": "http://registry.npm.taobao.org/bytes/download/bytes-3.0.0.tgz",
            "integrity": "sha1-0ygVQE1olpn4Wk6k+odV3ROpYEg="
        },
        "cache-content-type": {
            "version": "1.0.1",
            "resolved": "http://registry.npm.taobao.org/cache-content-type/download/cache-content-type-1.0.1.tgz",
            "integrity": "sha1-A1zeKwjuISn0qDFeqPAKANuhRTw=",
            "requires": {
                "mime-types": "^2.1.18",
                "ylru": "^1.2.0"
            }
        },
        "co": {
            "version": "4.6.0",
            "resolved": "http://registry.npm.taobao.org/co/download/co-4.6.0.tgz",
            "integrity": "sha1-bqa989hTrlTMuOR7+gvz+QMfsYQ="
        },
        "co-body": {
            "version": "6.0.0",
            "resolved": "http://registry.npm.taobao.org/co-body/download/co-body-6.0.0.tgz",
            "integrity": "sha1-lluTN9f1ZVSAeHRx9CN2ZIIIJ+M=",
            "requires": {
                "inflation": "^2.0.0",
                "qs": "^6.5.2",
                "raw-body": "^2.3.3",
                "type-is": "^1.6.16"
            }
        },
        "commander": {
            "version": "2.1.0",
            "resolved": "http://registry.npm.taobao.org/commander/download/commander-2.1.0.tgz",
            "integrity": "sha1-0SG7roYNmZKj1Re6lvVliOR8Z4E="
        },
        "content-disposition": {
            "version": "0.5.3",
            "resolved": "http://registry.npm.taobao.org/content-disposition/download/content-disposition-0.5.3.tgz",
            "integrity": "sha1-4TDK9+cnkIfFYWwgB9BIVpiYT70=",
            "requires": {
                "safe-buffer": "5.1.2"
            }
        },
        "content-type": {
            "version": "1.0.4",
            "resolved": "http://registry.npm.taobao.org/content-type/download/content-type-1.0.4.tgz",
            "integrity": "sha1-4TjMdeBAxyexlm/l5fjJruJW/js="
        },
        "cookies": {
            "version": "0.7.3",
            "resolved": "http://registry.npm.taobao.org/cookies/download/cookies-0.7.3.tgz",
            "integrity": "sha1-eRLOIfvy6MLacM8cPzUa7PWdrfo=",
            "requires": {
                "depd": "~1.1.2",
                "keygrip": "~1.0.3"
            }
        },
        "copy-to": {
            "version": "2.0.1",
            "resolved": "http://registry.npm.taobao.org/copy-to/download/copy-to-2.0.1.tgz",
            "integrity": "sha1-JoD7uAaKSNCGVrYJgJK9r8kG9KU="
        },
        "core-util-is": {
            "version": "1.0.2",
            "resolved": "http://registry.npm.taobao.org/core-util-is/download/core-util-is-1.0.2.tgz",
            "integrity": "sha1-tf1UIgqivFq1eqtxQMlAdUUDwac="
        },
        "crc": {
            "version": "3.8.0",
            "resolved": "http://registry.npm.taobao.org/crc/download/crc-3.8.0.tgz",
            "integrity": "sha1-rWAmnCyFb4wpnixMwN5FVpFAVsY=",
            "requires": {
                "buffer": "^5.1.0"
            }
        },
        "debug": {
            "version": "3.1.0",
            "resolved": "http://registry.npm.taobao.org/debug/download/debug-3.1.0.tgz",
            "integrity": "sha1-W7WgZyYotkFJVmuhaBnmFRjGcmE=",
            "requires": {
                "ms": "2.0.0"
            }
        },
        "deep-equal": {
            "version": "1.0.1",
            "resolved": "http://registry.npm.taobao.org/deep-equal/download/deep-equal-1.0.1.tgz",
            "integrity": "sha1-9dJgKStmDghO/0zbyfCK0yR0SLU="
        },
        "delegates": {
            "version": "1.0.0",
            "resolved": "http://registry.npm.taobao.org/delegates/download/delegates-1.0.0.tgz",
            "integrity": "sha1-hMbhWbgZBP3KWaDvRM2HDTElD5o="
        },
        "depd": {
            "version": "1.1.2",
            "resolved": "http://registry.npm.taobao.org/depd/download/depd-1.1.2.tgz",
            "integrity": "sha1-m81S4UwJd2PnSbJ0xDRu0uVgtak="
        },
        "destroy": {
            "version": "1.0.4",
            "resolved": "http://registry.npm.taobao.org/destroy/download/destroy-1.0.4.tgz",
            "integrity": "sha1-l4hXRCxEdJ5CBmE+N5RiBYJqvYA="
        },
        "ee-first": {
            "version": "1.1.1",
            "resolved": "http://registry.npm.taobao.org/ee-first/download/ee-first-1.1.1.tgz",
            "integrity": "sha1-WQxhFWsK4vTwJVcyoViyZrxWsh0="
        },
        "error-inject": {
            "version": "1.0.0",
            "resolved": "http://registry.npm.taobao.org/error-inject/download/error-inject-1.0.0.tgz",
            "integrity": "sha1-4rPZG1Su1nLzCdlQ0VSFD6EdTzc="
        },
        "escape-html": {
            "version": "1.0.3",
            "resolved": "http://registry.npm.taobao.org/escape-html/download/escape-html-1.0.3.tgz",
            "integrity": "sha1-Aljq5NPQwJdN4cFpGI7wBR0dGYg="
        },
        "fresh": {
            "version": "0.5.2",
            "resolved": "http://registry.npm.taobao.org/fresh/download/fresh-0.5.2.tgz",
            "integrity": "sha1-PYyt2Q2XZWn6g1qx+OSyOhBWBac="
        },
        "http-assert": {
            "version": "1.4.0",
            "resolved": "http://registry.npm.taobao.org/http-assert/download/http-assert-1.4.0.tgz",
            "integrity": "sha1-DlULT8pq3xIbvu2DJIwX5i9ZOpo=",
            "requires": {
                "deep-equal": "~1.0.1",
                "http-errors": "~1.7.1"
            }
        },
        "http-errors": {
            "version": "1.7.1",
            "resolved": "http://registry.npm.taobao.org/http-errors/download/http-errors-1.7.1.tgz",
            "integrity": "sha1-ak/+XTUYjhw5+HJTRpBYWFLh8Cc=",
            "requires": {
                "depd": "~1.1.2",
                "inherits": "2.0.3",
                "setprototypeof": "1.1.0",
                "statuses": ">= 1.5.0 < 2",
                "toidentifier": "1.0.0"
            }
        },
        "httpntlm": {
            "version": "1.6.1",
            "resolved": "http://registry.npm.taobao.org/httpntlm/download/httpntlm-1.6.1.tgz",
            "integrity": "sha1-rQFScUOi6Hc8+uapb1hla7UqNLI=",
            "requires": {
                "httpreq": ">=0.4.22",
                "underscore": "~1.7.0"
            }
        },
        "httpreq": {
            "version": "0.4.24",
            "resolved": "http://registry.npm.taobao.org/httpreq/download/httpreq-0.4.24.tgz",
            "integrity": "sha1-QzX/2CzZaWaKOUZckprGHWOTYn8="
        },
        "iconv-lite": {
            "version": "0.4.23",
            "resolved": "http://registry.npm.taobao.org/iconv-lite/download/iconv-lite-0.4.23.tgz",
            "integrity": "sha1-KXhx9jvlB63Pv8pxXQzQ7thOmmM=",
            "requires": {
                "safer-buffer": ">= 2.1.2 < 3"
            }
        },
        "ieee754": {
            "version": "1.1.12",
            "resolved": "http://registry.npm.taobao.org/ieee754/download/ieee754-1.1.12.tgz",
            "integrity": "sha1-UL8k5bnIu5ivSWTJQc2wkY2ntgs="
        },
        "inflation": {
            "version": "2.0.0",
            "resolved": "http://registry.npm.taobao.org/inflation/download/inflation-2.0.0.tgz",
            "integrity": "sha1-i0F+R8KPklpFEz2RTKH9OJEH8w8="
        },
        "inherits": {
            "version": "2.0.3",
            "resolved": "http://registry.npm.taobao.org/inherits/download/inherits-2.0.3.tgz",
            "integrity": "sha1-Yzwsg+PaQqUC9SRmAiSA9CCCYd4="
        },
        "is-class-hotfix": {
            "version": "0.0.6",
            "resolved": "http://registry.npm.taobao.org/is-class-hotfix/download/is-class-hotfix-0.0.6.tgz",
            "integrity": "sha1-pSfTH7IyeSgd3l84XHe13nCnJDU="
        },
        "is-generator-function": {
            "version": "1.0.7",
            "resolved": "http://registry.npm.taobao.org/is-generator-function/download/is-generator-function-1.0.7.tgz",
            "integrity": "sha1-0hMuUpuwAAp/gHlNS99c1eWBNSI="
        },
        "is-type-of": {
            "version": "1.2.1",
            "resolved": "http://registry.npm.taobao.org/is-type-of/download/is-type-of-1.2.1.tgz",
            "integrity": "sha1-4mPsOFes608oxHEw7HjbCakg+MU=",
            "requires": {
                "core-util-is": "^1.0.2",
                "is-class-hotfix": "~0.0.6",
                "isstream": "~0.1.2"
            }
        },
        "isarray": {
            "version": "0.0.1",
            "resolved": "http://registry.npm.taobao.org/isarray/download/isarray-0.0.1.tgz",
            "integrity": "sha1-ihis/Kmo9Bd+Cav8YDiTmwXR7t8="
        },
        "isstream": {
            "version": "0.1.2",
            "resolved": "http://registry.npm.taobao.org/isstream/download/isstream-0.1.2.tgz",
            "integrity": "sha1-R+Y/evVa+m+S4VAOaQ64uFKcCZo="
        },
        "keygrip": {
            "version": "1.0.3",
            "resolved": "http://registry.npm.taobao.org/keygrip/download/keygrip-1.0.3.tgz",
            "integrity": "sha1-OZ1wnwrtK6sKBZ4M3TpQI6BT4dw="
        },
        "koa": {
            "version": "2.7.0",
            "resolved": "http://registry.npm.taobao.org/koa/download/koa-2.7.0.tgz",
            "integrity": "sha1-fgCENQaUK52CxswzdJ9lfG5eet8=",
            "requires": {
                "accepts": "^1.3.5",
                "cache-content-type": "^1.0.0",
                "content-disposition": "~0.5.2",
                "content-type": "^1.0.4",
                "cookies": "~0.7.1",
                "debug": "~3.1.0",
                "delegates": "^1.0.0",
                "depd": "^1.1.2",
                "destroy": "^1.0.4",
                "error-inject": "^1.0.0",
                "escape-html": "^1.0.3",
                "fresh": "~0.5.2",
                "http-assert": "^1.3.0",
                "http-errors": "^1.6.3",
                "is-generator-function": "^1.0.7",
                "koa-compose": "^4.1.0",
                "koa-convert": "^1.2.0",
                "koa-is-json": "^1.0.0",
                "on-finished": "^2.3.0",
                "only": "~0.0.2",
                "parseurl": "^1.3.2",
                "statuses": "^1.5.0",
                "type-is": "^1.6.16",
                "vary": "^1.1.2"
            }
        },
        "koa-bodyparser": {
            "version": "4.2.1",
            "resolved": "http://registry.npm.taobao.org/koa-bodyparser/download/koa-bodyparser-4.2.1.tgz",
            "integrity": "sha1-TX2stebbEQZkm1ldnlzLFYtvOyk=",
            "requires": {
                "co-body": "^6.0.0",
                "copy-to": "^2.0.1"
            }
        },
        "koa-compose": {
            "version": "4.1.0",
            "resolved": "http://registry.npm.taobao.org/koa-compose/download/koa-compose-4.1.0.tgz",
            "integrity": "sha1-UHMGuTcZAdtBEhyBLpI9DWfT6Hc="
        },
        "koa-convert": {
            "version": "1.2.0",
            "resolved": "http://registry.npm.taobao.org/koa-convert/download/koa-convert-1.2.0.tgz",
            "integrity": "sha1-2kCHXfSd4FOQmNFwC1CCDOvNIdA=",
            "requires": {
                "co": "^4.6.0",
                "koa-compose": "^3.0.0"
            },
            "dependencies": {
                "koa-compose": {
                    "version": "3.2.1",
                    "resolved": "http://registry.npm.taobao.org/koa-compose/download/koa-compose-3.2.1.tgz",
                    "integrity": "sha1-qFzLQLfZhtjlo0Wzoazo6rz1Tec=",
                    "requires": {
                        "any-promise": "^1.1.0"
                    }
                }
            }
        },
        "koa-cors": {
            "version": "0.0.16",
            "resolved": "http://registry.npm.taobao.org/koa-cors/download/koa-cors-0.0.16.tgz",
            "integrity": "sha1-mBB5k6eQnjTAQphsXsYVbXfzQy4="
        },
        "koa-is-json": {
            "version": "1.0.0",
            "resolved": "http://registry.npm.taobao.org/koa-is-json/download/koa-is-json-1.0.0.tgz",
            "integrity": "sha1-JzwH7c3Ljfaiwat9We52SRRR7BQ="
        },
        "koa-router": {
            "version": "7.4.0",
            "resolved": "http://registry.npm.taobao.org/koa-router/download/koa-router-7.4.0.tgz",
            "integrity": "sha1-ruH3rcAtXLMdfWdGXJ6syCXoxeA=",
            "requires": {
                "debug": "^3.1.0",
                "http-errors": "^1.3.1",
                "koa-compose": "^3.0.0",
                "methods": "^1.0.1",
                "path-to-regexp": "^1.1.1",
                "urijs": "^1.19.0"
            },
            "dependencies": {
                "koa-compose": {
                    "version": "3.2.1",
                    "resolved": "http://registry.npm.taobao.org/koa-compose/download/koa-compose-3.2.1.tgz",
                    "integrity": "sha1-qFzLQLfZhtjlo0Wzoazo6rz1Tec=",
                    "requires": {
                        "any-promise": "^1.1.0"
                    }
                }
            }
        },
        "koa-session": {
            "version": "5.10.1",
            "resolved": "http://registry.npm.taobao.org/koa-session/download/koa-session-5.10.1.tgz",
            "integrity": "sha1-UkbnHrh6bv04wAjy3LdNwAu256A=",
            "requires": {
                "crc": "^3.4.4",
                "debug": "^3.1.0",
                "is-type-of": "^1.0.0",
                "uid-safe": "^2.1.3"
            }
        },
        "media-typer": {
            "version": "0.3.0",
            "resolved": "http://registry.npm.taobao.org/media-typer/download/media-typer-0.3.0.tgz",
            "integrity": "sha1-hxDXrwqmJvj/+hzgAWhUUmMlV0g="
        },
        "methods": {
            "version": "1.1.2",
            "resolved": "http://registry.npm.taobao.org/methods/download/methods-1.1.2.tgz",
            "integrity": "sha1-VSmk1nZUE07cxSZmVoNbD4Ua/O4="
        },
        "mime": {
            "version": "1.2.11",
            "resolved": "http://registry.npm.taobao.org/mime/download/mime-1.2.11.tgz",
            "integrity": "sha1-WCA+7Ybjpe8XrtK32evUfwpg3RA="
        },
        "mime-db": {
            "version": "1.37.0",
            "resolved": "http://registry.npm.taobao.org/mime-db/download/mime-db-1.37.0.tgz",
            "integrity": "sha1-C2oM5v2+lXbiXx8tL96IMNwK0Ng="
        },
        "mime-types": {
            "version": "2.1.21",
            "resolved": "http://registry.npm.taobao.org/mime-types/download/mime-types-2.1.21.tgz",
            "integrity": "sha1-KJlaoey3cHQv5q5+WPkYHHRLP5Y=",
            "requires": {
                "mime-db": "~1.37.0"
            }
        },
        "ms": {
            "version": "2.0.0",
            "resolved": "http://registry.npm.taobao.org/ms/download/ms-2.0.0.tgz",
            "integrity": "sha1-VgiurfwAvmwpAd9fmGF4jeDVl8g="
        },
        "mz": {
            "version": "2.7.0",
            "resolved": "http://registry.npm.taobao.org/mz/download/mz-2.7.0.tgz",
            "integrity": "sha1-lQCAV6Vsr63CvGPd5/n/aVWUjjI=",
            "requires": {
                "any-promise": "^1.0.0",
                "object-assign": "^4.0.1",
                "thenify-all": "^1.0.0"
            }
        },
        "nan": {
            "version": "1.0.0",
            "resolved": "http://registry.npm.taobao.org/nan/download/nan-1.0.0.tgz",
            "integrity": "sha1-riT4hQgY1mL8q1rPfzuVv6oszzg="
        },
        "negotiator": {
            "version": "0.6.1",
            "resolved": "http://registry.npm.taobao.org/negotiator/download/negotiator-0.6.1.tgz",
            "integrity": "sha1-KzJxhOiZIQEXeyhWP7XnECrNDKk="
        },
        "nodemailer": {
            "version": "5.1.1",
            "resolved": "http://registry.npm.taobao.org/nodemailer/download/nodemailer-5.1.1.tgz",
            "integrity": "sha1-DEjR7KsC6G2f9sYg7nXtlEt2NQU="
        },
        "nodemailer-fetch": {
            "version": "1.6.0",
            "resolved": "http://registry.npm.taobao.org/nodemailer-fetch/download/nodemailer-fetch-1.6.0.tgz",
            "integrity": "sha1-ecSQihwPXzdbc/6IjamCj23JY6Q="
        },
        "nodemailer-shared": {
            "version": "1.1.0",
            "resolved": "http://registry.npm.taobao.org/nodemailer-shared/download/nodemailer-shared-1.1.0.tgz",
            "integrity": "sha1-z1mU4v0mjQD1zw+nZ6CBae2wfsA=",
            "requires": {
                "nodemailer-fetch": "1.6.0"
            }
        },
        "nodemailer-smtp-transport": {
            "version": "2.7.4",
            "resolved": "http://registry.npm.taobao.org/nodemailer-smtp-transport/download/nodemailer-smtp-transport-2.7.4.tgz",
            "integrity": "sha1-DYmvAZoUSkgP2OzJmZfZ+DjxNoU=",
            "requires": {
                "nodemailer-shared": "1.1.0",
                "nodemailer-wellknown": "0.1.10",
                "smtp-connection": "2.12.0"
            }
        },
        "nodemailer-wellknown": {
            "version": "0.1.10",
            "resolved": "http://registry.npm.taobao.org/nodemailer-wellknown/download/nodemailer-wellknown-0.1.10.tgz",
            "integrity": "sha1-WG24EB2zDLRDjrVGc3pBqtDPE9U="
        },
        "object-assign": {
            "version": "4.1.1",
            "resolved": "http://registry.npm.taobao.org/object-assign/download/object-assign-4.1.1.tgz",
            "integrity": "sha1-IQmtx5ZYh8/AXLvUQsrIv7s2CGM="
        },
        "on-finished": {
            "version": "2.3.0",
            "resolved": "http://registry.npm.taobao.org/on-finished/download/on-finished-2.3.0.tgz",
            "integrity": "sha1-IPEzZIGwg811M3mSoWlxqi2QaUc=",
            "requires": {
                "ee-first": "1.1.1"
            }
        },
        "only": {
            "version": "0.0.2",
            "resolved": "http://registry.npm.taobao.org/only/download/only-0.0.2.tgz",
            "integrity": "sha1-Kv3oTQPlC5qO3EROMGEKcCle37Q="
        },
        "options": {
            "version": "0.0.6",
            "resolved": "http://registry.npm.taobao.org/options/download/options-0.0.6.tgz",
            "integrity": "sha1-7CLTEoBrtT5zF3Pnza788cZDEo8="
        },
        "packet-reader": {
            "version": "1.0.0",
            "resolved": "https://registry.npmjs.org/packet-reader/-/packet-reader-1.0.0.tgz",
            "integrity": "sha512-HAKu/fG3HpHFO0AA8WE8q2g+gBJaZ9MG7fcKk+IJPLTGAD6Psw4443l+9DGRbOIh3/aXr7Phy0TjilYivJo5XQ=="
        },
        "parseurl": {
            "version": "1.3.2",
            "resolved": "http://registry.npm.taobao.org/parseurl/download/parseurl-1.3.2.tgz",
            "integrity": "sha1-/CidTtiZMRlGDBViUyYs3I3mW/M="
        },
        "path-to-regexp": {
            "version": "1.7.0",
            "resolved": "http://registry.npm.taobao.org/path-to-regexp/download/path-to-regexp-1.7.0.tgz",
            "integrity": "sha1-Wf3g9DW62suhA6hOnTvGTpa5k30=",
            "requires": {
                "isarray": "0.0.1"
            }
        },
        "pg": {
            "version": "8.7.1",
            "resolved": "https://registry.npmjs.org/pg/-/pg-8.7.1.tgz",
            "integrity": "sha512-7bdYcv7V6U3KAtWjpQJJBww0UEsWuh4yQ/EjNf2HeO/NnvKjpvhEIe/A/TleP6wtmSKnUnghs5A9jUoK6iDdkA==",
            "requires": {
                "buffer-writer": "2.0.0",
                "packet-reader": "1.0.0",
                "pg-connection-string": "^2.5.0",
                "pg-pool": "^3.4.1",
                "pg-protocol": "^1.5.0",
                "pg-types": "^2.1.0",
                "pgpass": "1.x"
            }
        },
        "pg-connection-string": {
            "version": "2.5.0",
            "resolved": "https://registry.npmjs.org/pg-connection-string/-/pg-connection-string-2.5.0.tgz",
            "integrity": "sha512-r5o/V/ORTA6TmUnyWZR9nCj1klXCO2CEKNRlVuJptZe85QuhFayC7WeMic7ndayT5IRIR0S0xFxFi2ousartlQ=="
        },
        "pg-int8": {
            "version": "1.0.1",
            "resolved": "https://registry.npmjs.org/pg-int8/-/pg-int8-1.0.1.tgz",
            "integrity": "sha512-WCtabS6t3c8SkpDBUlb1kjOs7l66xsGdKpIPZsg4wR+B3+u9UAum2odSsF9tnvxg80h4ZxLWMy4pRjOsFIqQpw=="
        },
        "pg-pool": {
            "version": "3.4.1",
            "resolved": "https://registry.npmjs.org/pg-pool/-/pg-pool-3.4.1.tgz",
            "integrity": "sha512-TVHxR/gf3MeJRvchgNHxsYsTCHQ+4wm3VIHSS19z8NC0+gioEhq1okDY1sm/TYbfoP6JLFx01s0ShvZ3puP/iQ=="
        },
        "pg-protocol": {
            "version": "1.5.0",
            "resolved": "https://registry.npmjs.org/pg-protocol/-/pg-protocol-1.5.0.tgz",
            "integrity": "sha512-muRttij7H8TqRNu/DxrAJQITO4Ac7RmX3Klyr/9mJEOBeIpgnF8f9jAfRz5d3XwQZl5qBjF9gLsUtMPJE0vezQ=="
        },
        "pg-types": {
            "version": "2.2.0",
            "resolved": "https://registry.npmjs.org/pg-types/-/pg-types-2.2.0.tgz",
            "integrity": "sha512-qTAAlrEsl8s4OiEQY69wDvcMIdQN6wdz5ojQiOy6YRMuynxenON0O5oCpJI6lshc6scgAY8qvJ2On/p+CXY0GA==",
            "requires": {
                "pg-int8": "1.0.1",
                "postgres-array": "~2.0.0",
                "postgres-bytea": "~1.0.0",
                "postgres-date": "~1.0.4",
                "postgres-interval": "^1.1.0"
            }
        },
        "pgpass": {
            "version": "1.0.4",
            "resolved": "https://registry.npmjs.org/pgpass/-/pgpass-1.0.4.tgz",
            "integrity": "sha512-YmuA56alyBq7M59vxVBfPJrGSozru8QAdoNlWuW3cz8l+UX3cWge0vTvjKhsSHSJpo3Bom8/Mm6hf0TR5GY0+w==",
            "requires": {
                "split2": "^3.1.1"
            }
        },
        "policyfile": {
            "version": "0.0.4",
            "resolved": "http://registry.npm.taobao.org/policyfile/download/policyfile-0.0.4.tgz",
            "integrity": "sha1-1rgurZiueeviKOLa9ZAzEeyYLk0="
        },
        "postgres-array": {
            "version": "2.0.0",
            "resolved": "https://registry.npmjs.org/postgres-array/-/postgres-array-2.0.0.tgz",
            "integrity": "sha512-VpZrUqU5A69eQyW2c5CA1jtLecCsN2U/bD6VilrFDWq5+5UIEVO7nazS3TEcHf1zuPYO/sqGvUvW62g86RXZuA=="
        },
        "postgres-bytea": {
            "version": "1.0.0",
            "resolved": "https://registry.npmjs.org/postgres-bytea/-/postgres-bytea-1.0.0.tgz",
            "integrity": "sha1-AntTPAqokOJtFy1Hz5zOzFIazTU="
        },
        "postgres-date": {
            "version": "1.0.7",
            "resolved": "https://registry.npmjs.org/postgres-date/-/postgres-date-1.0.7.tgz",
            "integrity": "sha512-suDmjLVQg78nMK2UZ454hAG+OAW+HQPZ6n++TNDUX+L0+uUlLywnoxJKDou51Zm+zTCjrCl0Nq6J9C5hP9vK/Q=="
        },
        "postgres-interval": {
            "version": "1.2.0",
            "resolved": "https://registry.npmjs.org/postgres-interval/-/postgres-interval-1.2.0.tgz",
            "integrity": "sha512-9ZhXKM/rw350N1ovuWHbGxnGh/SNJ4cnxHiM0rxE4VN41wsg8P8zWn9hv/buK00RP4WvlOyr/RBDiptyxVbkZQ==",
            "requires": {
                "xtend": "^4.0.0"
            }
        },
        "qs": {
            "version": "6.6.0",
            "resolved": "http://registry.npm.taobao.org/qs/download/qs-6.6.0.tgz",
            "integrity": "sha1-qZwPaajSa/fvAS+HHNq7Cu5EJMI="
        },
        "random-bytes": {
            "version": "1.0.0",
            "resolved": "http://registry.npm.taobao.org/random-bytes/download/random-bytes-1.0.0.tgz",
            "integrity": "sha1-T2ih3Arli9P7lYSMMDJNt11kNgs="
        },
        "raw-body": {
            "version": "2.3.3",
            "resolved": "http://registry.npm.taobao.org/raw-body/download/raw-body-2.3.3.tgz",
            "integrity": "sha1-GzJOzmtXBuFThVvBFIxlu39uoMM=",
            "requires": {
                "bytes": "3.0.0",
                "http-errors": "1.6.3",
                "iconv-lite": "0.4.23",
                "unpipe": "1.0.0"
            },
            "dependencies": {
                "http-errors": {
                    "version": "1.6.3",
                    "resolved": "http://registry.npm.taobao.org/http-errors/download/http-errors-1.6.3.tgz",
                    "integrity": "sha1-i1VoC7S+KDoLW/TqLjhYC+HZMg0=",
                    "requires": {
                        "depd": "~1.1.2",
                        "inherits": "2.0.3",
                        "setprototypeof": "1.1.0",
                        "statuses": ">= 1.4.0 < 2"
                    }
                }
            }
        },
        "readable-stream": {
            "version": "3.6.0",
            "resolved": "https://registry.npmjs.org/readable-stream/-/readable-stream-3.6.0.tgz",
            "integrity": "sha512-BViHy7LKeTz4oNnkcLJ+lVSL6vpiFeX6/d3oSH8zCW7UxP2onchk+vTGB143xuFjHS3deTgkKoXXymXqymiIdA==",
            "requires": {
                "inherits": "^2.0.3",
                "string_decoder": "^1.1.1",
                "util-deprecate": "^1.0.1"
            }
        },
        "redis": {
            "version": "0.7.3",
            "resolved": "http://registry.npm.taobao.org/redis/download/redis-0.7.3.tgz",
            "integrity": "sha1-7le3pE0l7BWU5ENl2BZfp9HUgRo=",
            "optional": true
        },
        "safe-buffer": {
            "version": "5.1.2",
            "resolved": "http://registry.npm.taobao.org/safe-buffer/download/safe-buffer-5.1.2.tgz",
            "integrity": "sha1-mR7GnSluAxN0fVm9/St0XDX4go0="
        },
        "safer-buffer": {
            "version": "2.1.2",
            "resolved": "http://registry.npm.taobao.org/safer-buffer/download/safer-buffer-2.1.2.tgz",
            "integrity": "sha1-RPoWGwGHuVSd2Eu5GAL5vYOFzWo="
        },
        "setprototypeof": {
            "version": "1.1.0",
            "resolved": "http://registry.npm.taobao.org/setprototypeof/download/setprototypeof-1.1.0.tgz",
            "integrity": "sha1-0L2FU2iHtv58DYGMuWLZ2RxU5lY="
        },
        "smtp-connection": {
            "version": "2.12.0",
            "resolved": "http://registry.npm.taobao.org/smtp-connection/download/smtp-connection-2.12.0.tgz",
            "integrity": "sha1-1275EnyyPCJZ7bHoNJwujV4tdME=",
            "requires": {
                "httpntlm": "1.6.1",
                "nodemailer-shared": "1.1.0"
            }
        },
        "socket.io": {
            "version": "0.9.19",
            "resolved": "http://registry.npm.taobao.org/socket.io/download/socket.io-0.9.19.tgz",
            "integrity": "sha1-SQu1/Q3FTPAC7gTmf638Q7hIo48=",
            "requires": {
                "base64id": "0.1.0",
                "policyfile": "0.0.4",
                "redis": "0.7.3",
                "socket.io-client": "0.9.16"
            }
        },
        "socket.io-client": {
            "version": "0.9.16",
            "resolved": "http://registry.npm.taobao.org/socket.io-client/download/socket.io-client-0.9.16.tgz",
            "integrity": "sha1-TadRXF53MEHRtCOXBBW8xDDzX8Y=",
            "requires": {
                "active-x-obfuscator": "0.0.1",
                "uglify-js": "1.2.5",
                "ws": "0.4.x",
                "xmlhttprequest": "1.4.2"
            }
        },
        "split2": {
            "version": "3.2.2",
            "resolved": "https://registry.npmjs.org/split2/-/split2-3.2.2.tgz",
            "integrity": "sha512-9NThjpgZnifTkJpzTZ7Eue85S49QwpNhZTq6GRJwObb6jnLFNGB7Qm73V5HewTROPyxD0C29xqmaI68bQtV+hg==",
            "requires": {
                "readable-stream": "^3.0.0"
            }
        },
        "statuses": {
            "version": "1.5.0",
            "resolved": "http://registry.npm.taobao.org/statuses/download/statuses-1.5.0.tgz",
            "integrity": "sha1-Fhx9rBd2Wf2YEfQ3cfqZOBR4Yow="
        },
        "string_decoder": {
            "version": "1.3.0",
            "resolved": "https://registry.npmjs.org/string_decoder/-/string_decoder-1.3.0.tgz",
            "integrity": "sha512-hkRX8U1WjJFd8LsDJ2yQ/wWWxaopEsABU1XfkM8A+j0+85JAGppt16cr1Whg6KIbb4okU6Mql6BOj+uup/wKeA==",
            "requires": {
                "safe-buffer": "~5.2.0"
            },
            "dependencies": {
                "safe-buffer": {
                    "version": "5.2.1",
                    "resolved": "https://registry.npmjs.org/safe-buffer/-/safe-buffer-5.2.1.tgz",
                    "integrity": "sha512-rp3So07KcdmmKbGvgaNxQSJr7bGVSVk5S9Eq1F+ppbRo70+YeaDxkw5Dd8NPN+GD6bjnYm2VuPuCXmpuYvmCXQ=="
                }
            }
        },
        "thenify": {
            "version": "3.3.0",
            "resolved": "http://registry.npm.taobao.org/thenify/download/thenify-3.3.0.tgz",
            "integrity": "sha1-5p44obq+lpsBCCB5eLn2K4hgSDk=",
            "requires": {
                "any-promise": "^1.0.0"
            }
        },
        "thenify-all": {
            "version": "1.6.0",
            "resolved": "http://registry.npm.taobao.org/thenify-all/download/thenify-all-1.6.0.tgz",
            "integrity": "sha1-GhkY1ALY/D+Y+/I02wvMjMEOlyY=",
            "requires": {
                "thenify": ">= 3.1.0 < 4"
            }
        },
        "tinycolor": {
            "version": "0.0.1",
            "resolved": "http://registry.npm.taobao.org/tinycolor/download/tinycolor-0.0.1.tgz",
            "integrity": "sha1-MgtaUtg6u1l42Bo+iH1K77FaYWQ="
        },
        "toidentifier": {
            "version": "1.0.0",
            "resolved": "http://registry.npm.taobao.org/toidentifier/download/toidentifier-1.0.0.tgz",
            "integrity": "sha1-fhvjRw8ed5SLxD2Uo8j013UrpVM="
        },
        "type-is": {
            "version": "1.6.16",
            "resolved": "http://registry.npm.taobao.org/type-is/download/type-is-1.6.16.tgz",
            "integrity": "sha1-+JzjQVQcZysl7nrjxz3uOyvlAZQ=",
            "requires": {
                "media-typer": "0.3.0",
                "mime-types": "~2.1.18"
            }
        },
        "uglify-js": {
            "version": "1.2.5",
            "resolved": "http://registry.npm.taobao.org/uglify-js/download/uglify-js-1.2.5.tgz",
            "integrity": "sha1-tULCx29477NLIAsgF3Y0Mw/3ArY="
        },
        "uid-safe": {
            "version": "2.1.5",
            "resolved": "http://registry.npm.taobao.org/uid-safe/download/uid-safe-2.1.5.tgz",
            "integrity": "sha1-Kz1cckDo/C5Y+Komnl7knAhXvTo=",
            "requires": {
                "random-bytes": "~1.0.0"
            }
        },
        "underscore": {
            "version": "1.7.0",
            "resolved": "http://registry.npm.taobao.org/underscore/download/underscore-1.7.0.tgz",
            "integrity": "sha1-a7rwh3UA02vjTsqlhODbn+8DUgk="
        },
        "unpipe": {
            "version": "1.0.0",
            "resolved": "http://registry.npm.taobao.org/unpipe/download/unpipe-1.0.0.tgz",
            "integrity": "sha1-sr9O6FFKrmFltIF4KdIbLvSZBOw="
        },
        "urijs": {
            "version": "1.19.1",
            "resolved": "http://registry.npm.taobao.org/urijs/download/urijs-1.19.1.tgz",
            "integrity": "sha1-Ww/1MMDL3oOG9jQiNbpcpumV0lo="
        },
        "util-deprecate": {
            "version": "1.0.2",
            "resolved": "https://registry.npmjs.org/util-deprecate/-/util-deprecate-1.0.2.tgz",
            "integrity": "sha1-RQ1Nyfpw3nMnYvvS1KKJgUGaDM8="
        },
        "vary": {
            "version": "1.1.2",
            "resolved": "http://registry.npm.taobao.org/vary/download/vary-1.1.2.tgz",
            "integrity": "sha1-IpnwLG3tMNSllhsLn3RSShj2NPw="
        },
        "ws": {
            "version": "0.4.32",
            "resolved": "http://registry.npm.taobao.org/ws/download/ws-0.4.32.tgz",
            "integrity": "sha1-eHphVEFPPJntg8V3IVOyD+sM7DI=",
            "requires": {
                "commander": "~2.1.0",
                "nan": "~1.0.0",
                "options": ">=0.0.5",
                "tinycolor": "0.x"
            }
        },
        "xmlhttprequest": {
            "version": "1.4.2",
            "resolved": "http://registry.npm.taobao.org/xmlhttprequest/download/xmlhttprequest-1.4.2.tgz",
            "integrity": "sha1-AUU6HZvtHo8XL2SVu/TIxCYyFQA="
        },
        "xtend": {
            "version": "4.0.2",
            "resolved": "https://registry.npmjs.org/xtend/-/xtend-4.0.2.tgz",
            "integrity": "sha512-LKYU1iAXJXUgAXn9URjiu+MWhyUXHsvfp7mcuYm9dSUKK0/CjtrUwFAxD82/mCWbtLsGjFIad0wIsod4zrTAEQ=="
        },
        "ylru": {
            "version": "1.2.1",
            "resolved": "http://registry.npm.taobao.org/ylru/download/ylru-1.2.1.tgz",
            "integrity": "sha1-9Xa2M0FUeYnB3nuiiHYJI7J/6E8="
        },
        "zeparser": {
            "version": "0.0.5",
            "resolved": "http://registry.npm.taobao.org/zeparser/download/zeparser-0.0.5.tgz",
            "integrity": "sha1-A3JlYbwmjy5URPVMZlt/1KjAKeI="
        }
    }
}
